{
    "_meta": {
        "hash": {
            "sha256": "4495a82898f4f37bbc1ddd4f79642eb0aee7b82f240783133091d30d3f83584a"
        },
        "pipfile-spec": 6,
        "requires": {
            "python_version": "3.12"
        },
        "sources": [
            {
                "name": "pypi",
                "url": "https://pypi.org/simple",
                "verify_ssl": true
            }
        ]
    },
    "default": {
        "certifi": {
            "hashes": [
                "sha256:027692e4402ad994f1c42e52a4997a9763c646b73e4096e4d5d6db8af1d6f0fa",
                "sha256:e887ab5cee78ea814d3472169153c2d12cd43b14bd03329a39a9c6e2e80bfba7"
            ],
            "markers": "python_version >= '3.7'",
            "version": "==2026.2.25"
        },
        "charset-normalizer": {
            "hashes": [
                "sha256:014837af6fabf57121b6254fa8ade10dceabc3528b27b721a64bbc7b8b1d4eb4",
                "sha256:01a1ed54b953303ca7e310fafe0fe347aab348bd81834a0bcd602eb538f89d66",
                "sha256:0294916d6ccf2d069727d65973c3a1ca477d68708db25fd758dd28b0827cff54",
                "sha256:02a9d1b01c1e12c27883b0c9349e0bcd9ae92e727ff1a277207e1a262b1cbf05",
                "sha256:036c079aa08a6a592b82487f97c60b439428320ed1b2ea0b3912e99d30c77765",
                "sha256:039215608ac7b358c4da0191d10fc76868567fbf276d54c14721bdedeb6de064",
                "sha256:0625665e4ebdddb553ab185de5db7054393af8879fb0c87bd5690d14379d6819",
                "sha256:0a45e504f5e1be0bd385935a8e1507c442349ca36f511a47057a71c9d1d6ea9e",
                "sha256:0b362bcd27819f9c07cbf23db4e0e8cd4b44c5ecd900c2ff907b2b92274a7412",
                "sha256:0c300cefd9b0970381a46394902cd18eaf2aa00163f999590ace991989dcd0fc",
                "sha256:1088345bcc93c58d8d8f3d783eca4a6e7a7752bbff26c3eee7e73c597c191c2e",
                "sha256:10b473fc8dca1c3ad8559985794815f06ca3fc71942c969129070f2c3cdf7281",
                "sha256:131716d6786ad5e3dc542f5cc6f397ba3339dc0fb87f87ac30e550e8987756af",
                "sha256:14498a429321de554b140013142abe7608f9d8ccc04d7baf2ad60498374aefa2",
                "sha256:149ec69866c3d6c2fb6f758dbc014ecb09f30b35a5ca90b6a8a2d4e54e18fdfe",
                "sha256:165c7b21d19365464e8f70e5ce5e12524c58b48c78c1f5a57524603c1ab003f8",
                "sha256:1827734a5b308b65ac54e86a618de66f935a4f63a8a462ff1e19a6788d6c2262",
                "sha256:19092dde50335accf365cce21998a1c6dd8eafd42c7b226eb54b2747cdce2fac",
                "sha256:1a374cc0b88aa710e8865dc1bd6edb3743c59f27830f0293ab101e4cf3ce9f85",
                "sha256:1d1401945cb77787dbd3af2446ff2d75912327c4c3a1526ab7955ecf8600687c",
                "sha256:1f2da5cbb9becfcd607757a169e38fb82aa5fd86fae6653dea716e7b613fe2cf",
                "sha256:259cd1ca995ad525f638e131dbcc2353a586564c038fc548a3fe450a91882139",
                "sha256:2820a98460c83663dd8ec015d9ddfd1e4879f12e06bb7d0500f044fb477d2770",
                "sha256:28269983f25a4da0425743d0d257a2d6921ea7d9b83599d4039486ec5b9f911d",
                "sha256:2b970382e4a36bed897c19f310f31d7d13489c11b4f468ddfba42d41cddfb918",
                "sha256:2da4eedcb6338e2321e831a0165759c0c620e37f8cd044a263ff67493be8ffb3",
                "sha256:30987f4a8ed169983f93e1be8ffeea5214a779e27ed0b059835c7afe96550ad7",
                "sha256:30a2b1a48478c3428d047ed9690d57c23038dac838a87ad624c85c0a78ebeb39",
                "sha256:340810d34ef83af92148e96e3e44cb2d3f910d2bf95e5618a5c467d9f102231d",
                "sha256:3f64c6bf8f32f9133b668c7f7a7cbdbc453412bc95ecdbd157f3b1e377a92990",
                "sha256:4167a621a9a1a986c73777dbc15d4b5eac8ac5c10393374109a343d4013ec765",
                "sha256:4354e401eb6dab9aed3c7b4030514328a6c748d05e1c3e19175008ca7de84fb1",
                "sha256:4481e6da1830c8a1cc0b746b47f603b653dadb690bcd851d039ffaefe70533aa",
                "sha256:4b8551b6e6531e156db71193771c93bda78ffc4d1e6372517fe58ad3b91e4659",
                "sha256:4cd966c2559f501c6fd69294d082c2934c8dd4719deb32c22961a5ac6db0df1d",
                "sha256:50bcbca6603c06a1dcc7b056ed45c37715fb5d2768feb3bcd37d2313c587a5b9",
                "sha256:530beedcec9b6e027e7a4b6ce26eed36678aa39e17da85e6e03d7bd9e8e9d7c9",
                "sha256:568e3c34b58422075a1b49575a6abc616d9751b4d61b23f712e12ebb78fe47b2",
                "sha256:573ef5814c4b7c0d59a7710aa920eaaaef383bd71626aa420fba27b5cab92e8d",
                "sha256:58ad8270cfa5d4bef1bc85bd387217e14ff154d6630e976c6f56f9a040757475",
                "sha256:597d10dec876923e5c59e48dbd366e852eacb2b806029491d307daea6b917d7c",
                "sha256:5bcb3227c3d9aaf73eaaab1db7ccd80a8995c509ee9941e2aae060ca6e4e5d81",
                "sha256:5cffde4032a197bd3b42fd0b9509ec60fb70918d6970e4cc773f20fc9180ca67",
                "sha256:5fea359734b140d0d6741189fea5478c6091b54ffc69d7ce119e0a05637d8c99",
                "sha256:60d68e820af339df4ae8358c7a2e7596badeb61e544438e489035f9fbf3246a5",
                "sha256:610f72c0ee565dfb8ae1241b666119582fdbfe7c0975c175be719f940e110694",
                "sha256:65a126fb4b070d05340a84fc709dd9e7c75d9b063b610ece8a60197a291d0adf",
                "sha256:65b3c403a5b6b8034b655e7385de4f72b7b244869a22b32d4030b99a60593eca",
                "sha256:66dee73039277eb35380d1b82cccc69cc82b13a66f9f4a18da32d573acf02b7c",
                "sha256:708c7acde173eedd4bfa4028484426ba689d2103b28588c513b9db2cd5ecde9c",
                "sha256:728c6a963dfab66ef865f49286e45239384249672cd598576765acc2a640a636",
                "sha256:754f96058e61a5e22e91483f823e07df16416ce76afa4ebf306f8e1d1296d43f",
                "sha256:75dfd1afe0b1647449e852f4fb428195a7ed0588947218f7ba929f6538487f02",
                "sha256:75ee9c1cce2911581a70a3c0919d8bccf5b1cbc9b0e5171400ec736b4b569497",
                "sha256:76a9d0de4d0eab387822e7b35d8f89367dd237c72e82ab42b9f7bf5e15ada00f",
                "sha256:77be992288f720306ab4108fe5c74797de327f3248368dfc7e1a916d6ed9e5a2",
                "sha256:7ad83b8f9379176c841f8865884f3514d905bcd2a9a3b210eaa446e7d2223e4d",
                "sha256:8197abe5ca1ffb7d91e78360f915eef5addff270f8a71c1fc5be24a56f3e4873",
                "sha256:82cc7c2ad42faec8b574351f8bc2a0c049043893853317bd9bb309f5aba6cb5a",
                "sha256:8a28afb04baa55abf26df544e3e5c6534245d3daa5178bc4a8eeb48202060d0e",
                "sha256:8b78d8a609a4b82c273257ee9d631ded7fac0d875bdcdccc109f3ee8328cfcb1",
                "sha256:8ce11cd4d62d11166f2b441e30ace226c19a3899a7cf0796f668fba49a9fb123",
                "sha256:8fff79bf5978c693c9b1a4d71e4a94fddfb5fe744eb062a318e15f4a2f63a550",
                "sha256:92263f7eca2f4af326cd20de8d16728d2602f7cfea02e790dcde9d83c365d7cc",
                "sha256:93b3b2cc5cf1b8743660ce77a4f45f3f6d1172068207c1defc779a36eea6bb36",
                "sha256:95adae7b6c42a6c5b5b559b1a99149f090a57128155daeea91732c8d970d8644",
                "sha256:97ab7787092eb9b50fb47fa04f24c75b768a606af1bcba1957f07f128a7219e4",
                "sha256:9db5e3fcdcee89a78c04dffb3fe33c79f77bd741a624946db2591c81b2fc85b0",
                "sha256:a118e2e0b5ae6b0120d5efa5f866e58f2bb826067a646431da4d6a2bdae7950e",
                "sha256:a2aecdb364b8a1802afdc7f9327d55dad5366bc97d8502d0f5854e50712dbc5f",
                "sha256:a66aa5022bf81ab4b1bebfb009db4fd68e0c6d4307a1ce5ef6a26e5878dfc9e4",
                "sha256:a68766a3c58fde7f9aaa22b3786276f62ab2f594efb02d0a1421b6282e852e98",
                "sha256:aa2f963b4da26daf46231d9b9e0e2c9408a751f8f0d0f44d2de56d3caf51d294",
                "sha256:aa92ec1102eaff840ccd1021478af176a831f1bccb08e526ce844b7ddda85c22",
                "sha256:ac59c15e3f1465f722607800c68713f9fbc2f672b9eb649fe831da4019ae9b23",
                "sha256:ae8b03427410731469c4033934cf473426faff3e04b69d2dfb64a4281a3719f8",
                "sha256:afca7f78067dd27c2b848f1b234623d26b87529296c6c5652168cc1954f2f3b2",
                "sha256:b2d37d78297b39a9eb9eb92c0f6df98c706467282055419df141389b23f93362",
                "sha256:b3e71afc578b98512bfe7bdb822dd6bc57d4b0093b4b6e5487c1e96ad4ace242",
                "sha256:ba20bdf69bd127f66d0174d6f2a93e69045e0b4036dc1ca78e091bcc765830c4",
                "sha256:c108f8619e504140569ee7de3f97d234f0fbae338a7f9f360455071ef9855a95",
                "sha256:c23eb3263356d94858655b3e63f85ac5d50970c6e8febcdde7830209139cc37d",
                "sha256:c5af897b45fa606b12464ccbe0014bbf8c09191e0a66aab6aa9d5cf6e77e0c94",
                "sha256:c7a80a9242963416bd81f99349d5f3fce1843c303bd404f204918b6d75a75fd6",
                "sha256:c7e84e0c0005e3bdc1a9211cd4e62c78ba80bc37b2365ef4410cd2007a9047f2",
                "sha256:cace89841c0599d736d3d74a27bc5821288bb47c5441923277afc6059d7fbcb4",
                "sha256:cd2d0f0ec9aa977a27731a3209ebbcacebebaf41f902bd453a928bfd281cf7f8",
                "sha256:d01de5e768328646e6a3fa9e562706f8f6641708c115c62588aef2b941a4f88e",
                "sha256:d1028de43596a315e2720a9849ee79007ab742c06ad8b45a50db8cdb7ed4a82a",
                "sha256:d27ce22ec453564770d29d03a9506d449efbb9fa13c00842262b2f6801c48cce",
                "sha256:d29dd9c016f2078b43d0c357511e87eee5b05108f3dd603423cb389b89813969",
                "sha256:d31f0d1671e1534e395f9eb84a68e0fb670e1edb1fe819a9d7f564ae3bc4e53f",
                "sha256:d4eb8ac7469b2a5d64b5b8c04f84d8bf3ad340f4514b98523805cbf46e3b3923",
                "sha256:d5e52d127045d6ae01a1e821acfad2f3a1866c54d0e837828538fabe8d9d1bd6",
                "sha256:d77f97e515688bd615c1d1f795d540f32542d514242067adcb8ef532504cb9ee",
                "sha256:d8ed79b8f6372ca4254955005830fd61c1ccdd8c0fac6603e2c145c61dd95db6",
                "sha256:dc57a0baa3eeedd99fafaef7511b5a6ef4581494e8168ee086031744e2679467",
                "sha256:e09f671a54ce70b79a1fc1dc6da3072b7ef7251fadb894ed92d9aa8218465a5f",
                "sha256:e22d1059b951e7ae7c20ef6b06afd10fb95e3c41bf3c4fbc874dba113321c193",
                "sha256:e37bd100d2c5d3ba35db9c7c5ba5a9228cbcffe5c4778dc824b164e5257813d7",
                "sha256:e51ae7d81c825761d941962450f50d041db028b7278e7b08930b4541b3e45cb9",
                "sha256:e545b51da9f9af5c67815ca0eb40676c0f016d0b0381c86f20451e35696c5f95",
                "sha256:e6302ca4ae283deb0af68d2fbf467474b8b6aedcd3dab4db187e07f94c109763",
                "sha256:e71bbb595973622b817c042bd943c3f3667e9c9983ce3d205f973f486fec98a7",
                "sha256:ec56a2266f32bc06ed3c3e2a8f58417ce02f7e0356edc89786e52db13c593c98",
                "sha256:ed1a9a204f317ef879b32f9af507d47e49cd5e7f8e8d5d96358c98373314fc60",
                "sha256:ed97c282ee4f994ef814042423a529df9497e3c666dca19be1d4cd1129dc7ade",
                "sha256:ed98364e1c262cf5f9363c3eca8c2df37024f52a8fa1180a3610014f26eac51c",
                "sha256:ee57b926940ba00bca7ba7041e665cc956e55ef482f851b9b65acb20d867e7a2",
                "sha256:f1d725b754e967e648046f00c4facc42d414840f5ccc670c5670f59f83693e4f",
                "sha256:f8102ae93c0bc863b1d41ea0f4499c20a83229f52ed870850892df555187154a",
                "sha256:fc1c64934b8faf7584924143eb9db4770bbdb16659626e1a1a4d9efbcb68d947",
                "sha256:ff95a9283de8a457e6b12989de3f9f5193430f375d64297d323a615ea52cbdb3"
            ],
            "markers": "python_version >= '3.7'",
            "version": "==3.4.5"
        },
        "deprecated": {
            "hashes": [
                "sha256:597bfef186b6f60181535a29fbe44865ce137a5079f295b479886c82729d5f3f",
                "sha256:b1b50e0ff0c1fddaa5708a2c6b0a6588bb09b892825ab2b214ac9ea9d92a5223"
            ],
            "markers": "python_version >= '2.7' and python_version not in '3.0, 3.1, 3.2, 3.3'",
            "version": "==1.3.1"
        },
        "exceptiongroup": {
            "hashes": [
                "sha256:8b412432c6055b0b7d14c310000ae93352ed6754f70fa8f7c34141f91c4e3219",
                "sha256:a7a39a3bd276781e98394987d3a5701d0c4edffb633bb7a5144577f82c773598"
            ],
            "index": "pypi",
            "markers": "python_version >= '3.7'",
            "version": "==1.3.1"
        },
        "idna": {
            "hashes": [
                "sha256:771a87f49d9defaf64091e6e6fe9c18d4833f140bd19464795bc32d966ca37ea",
                "sha256:795dafcc9c04ed0c1fb032c2aa73654d8e8c5023a7df64a53f39190ada629902"
            ],
            "markers": "python_version >= '3.8'",
            "version": "==3.11"
        },
        "iniconfig": {
            "hashes": [
                "sha256:c76315c77db068650d49c5b56314774a7804df16fee4402c1f19d6d15d8c4730",
                "sha256:f631c04d2c48c52b84d0d0549c99ff3859c98df65b3101406327ecc7d53fbf12"
            ],
            "markers": "python_version >= '3.10'",
            "version": "==2.3.0"
        },
        "packaging": {
            "hashes": [
                "sha256:00243ae351a257117b6a241061796684b084ed1c516a08c48a3f7e147a9d80b4",
                "sha256:b36f1fef9334a5588b4166f8bcd26a14e521f2b55e6b9de3aaa80d3ff7a37529"
            ],
            "markers": "python_version >= '3.8'",
            "version": "==26.0"
        },
        "pluggy": {
            "hashes": [
                "sha256:7dcc130b76258d33b90f61b658791dede3486c3e6bfb003ee5c9bfb396dd22f3",
                "sha256:e920276dd6813095e9377c0bc5566d94c932c33b27a3e3945d8389c374dd4746"
            ],
            "markers": "python_version >= '3.9'",
            "version": "==1.6.0"
        },
        "pygments": {
            "hashes": [
                "sha256:636cb2477cec7f8952536970bc533bc43743542f70392ae026374600add5b887",
                "sha256:86540386c03d588bb81d44bc3928634ff26449851e99741617ecb9037ee5ec0b"
            ],
            "markers": "python_version >= '3.8'",
            "version": "==2.19.2"
        },
        "pykube-ng": {
            "hashes": [
                "sha256:46de8e17ed87c1a1014667d60e7d94a1f3fa2b8037b41e67d32c28b5869af35d",
                "sha256:63f20f634bfcd83966edec32f892286f75dffb817a2c097434ecc039e558ec8f"
            ],
            "index": "pypi",
            "markers": "python_version >= '3.8' and python_version < '4'",
            "version": "==23.6.0"
        },
        "pytest": {
            "hashes": [
                "sha256:711ffd45bf766d5264d487b917733b453d917afd2b0ad65223959f59089f875b",
                "sha256:75186651a92bd89611d1d9fc20f0b4345fd827c41ccd5c299a868a05d70edf11"
            ],
            "index": "pypi",
            "markers": "python_version >= '3.10'",
            "version": "==9.0.2"
        },
        "pytest-helm-charts": {
            "git": "https://github.com/giantswarm/pytest-helm-charts.git",
            "markers": "python_version >= '3.10' and python_version < '4'",
            "ref": "8d08cd6a41705585adde7ab387e2719bcf2dfa16"
        },
        "pytest-rerunfailures": {
            "hashes": [
                "sha256:5d11b12c0ca9a1665b5054052fcc1084f8deadd9328962745ef6b04e26382e86",
                "sha256:c38b266db8a808953ebd71ac25c381cb1981a78ff9340a14bcb9f1b9bff1899e"
            ],
            "index": "pypi",
            "markers": "python_version >= '3.10'",
            "version": "==16.1"
        },
        "pyyaml": {
            "hashes": [
                "sha256:00c4bdeba853cc34e7dd471f16b4114f4162dc03e6b7afcc2128711f0eca823c",
                "sha256:0150219816b6a1fa26fb4699fb7daa9caf09eb1999f3b70fb6e786805e80375a",
                "sha256:02893d100e99e03eda1c8fd5c441d8c60103fd175728e23e431db1b589cf5ab3",
                "sha256:02ea2dfa234451bbb8772601d7b8e426c2bfa197136796224e50e35a78777956",
                "sha256:0f29edc409a6392443abf94b9cf89ce99889a1dd5376d94316ae5145dfedd5d6",
                "sha256:10892704fc220243f5305762e276552a0395f7beb4dbf9b14ec8fd43b57f126c",
                "sha256:16249ee61e95f858e83976573de0f5b2893b3677ba71c9dd36b9cf8be9ac6d65",
                "sha256:1d37d57ad971609cf3c53ba6a7e365e40660e3be0e5175fa9f2365a379d6095a",
                "sha256:1ebe39cb5fc479422b83de611d14e2c0d3bb2a18bbcb01f229ab3cfbd8fee7a0",
                "sha256:214ed4befebe12df36bcc8bc2b64b396ca31be9304b8f59e25c11cf94a4c033b",
                "sha256:2283a07e2c21a2aa78d9c4442724ec1eb15f5e42a723b99cb3d822d48f5f7ad1",
                "sha256:22ba7cfcad58ef3ecddc7ed1db3409af68d023b7f940da23c6c2a1890976eda6",
                "sha256:27c0abcb4a5dac13684a37f76e701e054692a9b2d3064b70f5e4eb54810553d7",
                "sha256:28c8d926f98f432f88adc23edf2e6d4921ac26fb084b028c733d01868d19007e",
                "sha256:2e71d11abed7344e42a8849600193d15b6def118602c4c176f748e4583246007",
                "sha256:34d5fcd24b8445fadc33f9cf348c1047101756fd760b4dacb5c3e99755703310",
                "sha256:37503bfbfc9d2c40b344d06b2199cf0e96e97957ab1c1b546fd4f87e53e5d3e4",
                "sha256:3c5677e12444c15717b902a5798264fa7909e41153cdf9ef7ad571b704a63dd9",
                "sha256:3ff07ec89bae51176c0549bc4c63aa6202991da2d9a6129d7aef7f1407d3f295",
                "sha256:41715c910c881bc081f1e8872880d3c650acf13dfa8214bad49ed4cede7c34ea",
                "sha256:418cf3f2111bc80e0933b2cd8cd04f286338bb88bdc7bc8e6dd775ebde60b5e0",
                "sha256:44edc647873928551a01e7a563d7452ccdebee747728c1080d881d68af7b997e",
                "sha256:4a2e8cebe2ff6ab7d1050ecd59c25d4c8bd7e6f400f5f82b96557ac0abafd0ac",
                "sha256:4ad1906908f2f5ae4e5a8ddfce73c320c2a1429ec52eafd27138b7f1cbe341c9",
                "sha256:501a031947e3a9025ed4405a168e6ef5ae3126c59f90ce0cd6f2bfc477be31b7",
                "sha256:5190d403f121660ce8d1d2c1bb2ef1bd05b5f68533fc5c2ea899bd15f4399b35",
                "sha256:5498cd1645aa724a7c71c8f378eb29ebe23da2fc0d7a08071d89469bf1d2defb",
                "sha256:5cf4e27da7e3fbed4d6c3d8e797387aaad68102272f8f9752883bc32d61cb87b",
                "sha256:5e0b74767e5f8c593e8c9b5912019159ed0533c70051e9cce3e8b6aa699fcd69",
                "sha256:5ed875a24292240029e4483f9d4a4b8a1ae08843b9c54f43fcc11e404532a8a5",
                "sha256:5fcd34e47f6e0b794d17de1b4ff496c00986e1c83f7ab2fb8fcfe9616ff7477b",
                "sha256:5fdec68f91a0c6739b380c83b951e2c72ac0197ace422360e6d5a959d8d97b2c",
                "sha256:6344df0d5755a2c9a276d4473ae6b90647e216ab4757f8426893b5dd2ac3f369",
                "sha256:64386e5e707d03a7e172c0701abfb7e10f0fb753ee1d773128192742712a98fd",
                "sha256:652cb6edd41e718550aad172851962662ff2681490a8a711af6a4d288dd96824",
                "sha256:66291b10affd76d76f54fad28e22e51719ef9ba22b29e1d7d03d6777a9174198",
                "sha256:66e1674c3ef6f541c35191caae2d429b967b99e02040f5ba928632d9a7f0f065",
                "sha256:6adc77889b628398debc7b65c073bcb99c4a0237b248cacaf3fe8a557563ef6c",
                "sha256:79005a0d97d5ddabfeeea4cf676af11e647e41d81c9a7722a193022accdb6b7c",
                "sha256:7c6610def4f163542a622a73fb39f534f8c101d690126992300bf3207eab9764",
                "sha256:7f047e29dcae44602496db43be01ad42fc6f1cc0d8cd6c83d342306c32270196",
                "sha256:8098f252adfa6c80ab48096053f512f2321f0b998f98150cea9bd23d83e1467b",
                "sha256:850774a7879607d3a6f50d36d04f00ee69e7fc816450e5f7e58d7f17f1ae5c00",
                "sha256:8d1fab6bb153a416f9aeb4b8763bc0f22a5586065f86f7664fc23339fc1c1fac",
                "sha256:8da9669d359f02c0b91ccc01cac4a67f16afec0dac22c2ad09f46bee0697eba8",
                "sha256:8dc52c23056b9ddd46818a57b78404882310fb473d63f17b07d5c40421e47f8e",
                "sha256:9149cad251584d5fb4981be1ecde53a1ca46c891a79788c0df828d2f166bda28",
                "sha256:93dda82c9c22deb0a405ea4dc5f2d0cda384168e466364dec6255b293923b2f3",
                "sha256:96b533f0e99f6579b3d4d4995707cf36df9100d67e0c8303a0c55b27b5f99bc5",
                "sha256:9c57bb8c96f6d1808c030b1687b9b5fb476abaa47f0db9c0101f5e9f394e97f4",
                "sha256:9c7708761fccb9397fe64bbc0395abcae8c4bf7b0eac081e12b809bf47700d0b",
                "sha256:9f3bfb4965eb874431221a3ff3fdcddc7e74e3b07799e0e84ca4a0f867d449bf",
                "sha256:a33284e20b78bd4a18c8c2282d549d10bc8408a2a7ff57653c0cf0b9be0afce5",
                "sha256:a80cb027f6b349846a3bf6d73b5e95e782175e52f22108cfa17876aaeff93702",
                "sha256:b30236e45cf30d2b8e7b3e85881719e98507abed1011bf463a8fa23e9c3e98a8",
                "sha256:b3bc83488de33889877a0f2543ade9f70c67d66d9ebb4ac959502e12de895788",
                "sha256:b865addae83924361678b652338317d1bd7e79b1f4596f96b96c77a5a34b34da",
                "sha256:b8bb0864c5a28024fac8a632c443c87c5aa6f215c0b126c449ae1a150412f31d",
                "sha256:ba1cc08a7ccde2d2ec775841541641e4548226580ab850948cbfda66a1befcdc",
                "sha256:bdb2c67c6c1390b63c6ff89f210c8fd09d9a1217a465701eac7316313c915e4c",
                "sha256:c1ff362665ae507275af2853520967820d9124984e0f7466736aea23d8611fba",
                "sha256:c2514fceb77bc5e7a2f7adfaa1feb2fb311607c9cb518dbc378688ec73d8292f",
                "sha256:c3355370a2c156cffb25e876646f149d5d68f5e0a3ce86a5084dd0b64a994917",
                "sha256:c458b6d084f9b935061bc36216e8a69a7e293a2f1e68bf956dcd9e6cbcd143f5",
                "sha256:d0eae10f8159e8fdad514efdc92d74fd8d682c933a6dd088030f3834bc8e6b26",
                "sha256:d76623373421df22fb4cf8817020cbb7ef15c725b9d5e45f17e189bfc384190f",
                "sha256:ebc55a14a21cb14062aa4162f906cd962b28e2e9ea38f9b4391244cd8de4ae0b",
                "sha256:eda16858a3cab07b80edaf74336ece1f986ba330fdb8ee0d6c0d68fe82bc96be",
                "sha256:ee2922902c45ae8ccada2c5b501ab86c36525b883eff4255313a253a3160861c",
                "sha256:efd7b85f94a6f21e4932043973a7ba2613b059c4a000551892ac9f1d11f5baf3",
                "sha256:f7057c9a337546edc7973c0d3ba84ddcdf0daa14533c2065749c9075001090e6",
                "sha256:fa160448684b4e94d80416c0fa4aac48967a969efe22931448d853ada8baf926",
                "sha256:fc09d0aa354569bc501d4e787133afc08552722d3ab34836a80547331bb5d4a0"
            ],
            "index": "pypi",
            "markers": "python_version >= '3.8'",
            "version": "==6.0.3"
        },
        "requests": {
            "hashes": [
                "sha256:2462f94637a34fd532264295e186976db0f5d453d1cdd31473c85a6a161affb6",
                "sha256:dbba0bac56e100853db0ea71b82b4dfd5fe2bf6d3754a8893c3af500cec7d7cf"
            ],
            "index": "pypi",
            "markers": "python_version >= '3.9'",
            "version": "==2.32.5"
        },
        "setuptools": {
            "hashes": [
                "sha256:7d872682c5d01cfde07da7bccc7b65469d3dca203318515ada1de5eda35efbf9",
                "sha256:a59e362652f08dcd477c78bb6e7bd9d80a7995bc73ce773050228a348ce2e5bb"
            ],
            "index": "pypi",
            "markers": "python_version >= '3.9'",
            "version": "==82.0.1"
        },
        "typing-extensions": {
            "hashes": [
                "sha256:0cea48d173cc12fa28ecabc3b837ea3cf6f38c6d1136f85cbaaf598984861466",
                "sha256:f0fa19c6845758ab08074a0cfa8b7aecb71c999ca73d62883bc25cc018c4e548"
            ],
            "index": "pypi",
            "markers": "python_version >= '3.9'",
            "version": "==4.15.0"
        },
        "urllib3": {
            "hashes": [
                "sha256:1b62b6884944a57dbe321509ab94fd4d3b307075e0c2eae991ac71ee15ad38ed",
                "sha256:bf272323e553dfb2e87d9bfd225ca7b0f467b919d7bbd355436d3fd37cb0acd4"
            ],
            "markers": "python_version >= '3.9'",
            "version": "==2.6.3"
        },
        "wrapt": {
            "hashes": [
                "sha256:08ffa54146a7559f5b8df4b289b46d963a8e74ed16ba3687f99896101a3990c5",
                "sha256:0fc04bc8664a8bc4c8e00b37b5355cffca2535209fba1abb09ae2b7c76ddf82b",
                "sha256:1370e516598854e5b4366e09ce81e08bfe94d42b0fd569b88ec46cc56d9164a9",
                "sha256:162e4e2ba7542da9027821cb6e7c5e068d64f9a10b5f15512ea28e954893a267",
                "sha256:16997dfb9d67addc2e3f41b62a104341e80cac52f91110dece393923c0ebd5ca",
                "sha256:1c51c738d7d9faa0b3601708e7e2eda9bf779e1b601dce6c77411f2a1b324a63",
                "sha256:1c6cc827c00dc839350155f316f1f8b4b0c370f52b6a19e782e2bda89600c7dc",
                "sha256:2b8b28e97a44d21836259739ae76284e180b18abbb4dcfdff07a415cf1016c3e",
                "sha256:2d3ff4f0024dd224290c0eabf0240f1bfc1f26363431505fb1b0283d3b08f11d",
                "sha256:305d8a1755116bfdad5dda9e771dcb2138990a1d66e9edd81658816edf51aed1",
                "sha256:3144b027ff30cbd2fca07c0a87e67011adb717eb5f5bd8496325c17e454257a3",
                "sha256:3278c471f4468ad544a691b31bb856374fbdefb7fee1a152153e64019379f015",
                "sha256:3756219045f73fb28c5d7662778e4156fbd06cf823c4d2d4b19f97305e52819c",
                "sha256:3769a77df8e756d65fbc050333f423c01ae012b4f6731aaf70cf2bef61b34596",
                "sha256:3969c56e4563c375861c8df14fa55146e81ac11c8db49ea6fb7f2ba58bc1ff9a",
                "sha256:3996a67eecc2c68fd47b4e3c564405a5777367adfd9b8abb58387b63ee83b21e",
                "sha256:3b8d15e52e195813efe5db8cec156eebe339aaf84222f4f4f051a6c01f237ed7",
                "sha256:3beb22f674550d5634642c645aba4c72a2c66fb185ae1aebe1e955fae5a13baf",
                "sha256:3d7b6fd105f8b24e5bd23ccf41cb1d1099796524bcc6f7fbb8fe576c44befbc9",
                "sha256:4006c351de6d5007aa33a551f600404ba44228a89e833d2fadc5caa5de8edfbf",
                "sha256:45914e8efbe4b9d5102fcf0e8e2e3258b83a5d5fba9f8f7b6d15681e9d29ffe0",
                "sha256:467e7c76315390331c67073073d00662015bb730c566820c9ca9b54e4d67fd04",
                "sha256:478282ebd3795a089154fb16d3db360e103aa13d3b2ad30f8f6aac0d2207de0e",
                "sha256:4b7a86d99a14f76facb269dc148590c01aaf47584071809a70da30555228158c",
                "sha256:4bdf26e03e6d0da3f0e9422fd36bcebf7bc0eeb55fdf9c727a09abc6b9fe472e",
                "sha256:5681123e60aed0e64c7d44f72bbf8b4ce45f79d81467e2c4c728629f5baf06eb",
                "sha256:577dff354e7acd9d411eaf4bfe76b724c89c89c8fc9b7e127ee28c5f7bcb25b6",
                "sha256:57d7c0c980abdc5f1d98b11a2aa3bb159790add80258c717fa49a99921456d90",
                "sha256:5a0a0a3a882393095573344075189eb2d566e0fd205a2b6414e9997b1b800a8b",
                "sha256:5c35b5d82b16a3bc6e0a04349b606a0582bc29f573786aebe98e0c159bc48db6",
                "sha256:5e0fa9cc32300daf9eb09a1f5bdc6deb9a79defd70d5356ba453bcd50aef3742",
                "sha256:62503ffbc2d3a69891cf29beeaccdb4d5e0a126e2b6a851688d4777e01428dbb",
                "sha256:6433ea84e1cfacf32021d2a4ee909554ade7fd392caa6f7c13f1f4bf7b8e8748",
                "sha256:64a07a71d2730ba56f11d1a4b91f7817dc79bc134c11516b75d1921a7c6fcda1",
                "sha256:6de1a3851c27e0bd6a04ca993ea6f80fc53e6c742ee1601f486c08e9f9b900a9",
                "sha256:6f2c5390460de57fa9582bc8a1b7a6c86e1a41dfad74c5225fc07044c15cc8d1",
                "sha256:6f8dbdd3719e534860d6a78526aafc220e0241f981367018c2875178cf83a413",
                "sha256:6f97edc9842cf215312b75fe737ee7c8adda75a89979f8e11558dfff6343cc4b",
                "sha256:710f6e5dfaf6a5d5c397d2d6758a78fecd9649deb21f1b645f5b57a328d63050",
                "sha256:72aaa9d0d8e4ed0e2e98019cea47a21f823c9dd4b43c7b77bba6679ffcca6a00",
                "sha256:76405518ca4e1b76fbb1b9f686cff93aebae03920cc55ceeec48ff9f719c5f67",
                "sha256:767c0dbbe76cae2a60dd2b235ac0c87c9cccf4898aef8062e57bead46b5f6894",
                "sha256:776867878e83130c7a04237010463372e877c1c994d449ca6aaafeab6aab2586",
                "sha256:787fd6f4d67befa6fe2abdffcbd3de2d82dfc6fb8a6d850407c53332709d030b",
                "sha256:79847b83eb38e70d93dc392c7c5b587efe65b3e7afcc167aa8abd5d60e8761c8",
                "sha256:7dfa9f2cf65d027b951d05c662cc99ee3bd01f6e4691ed39848a7a5fffc902b2",
                "sha256:84ce8f1c2104d2f6daa912b1b5b039f331febfeee74f8042ad4e04992bd95c8f",
                "sha256:866abdbf4612e0b34764922ef8b1c5668867610a718d3053d59e24a5e5fcfc15",
                "sha256:96159a0ee2b0277d44201c3b5be479a9979cf154e8c82fa5df49586a8e7679bb",
                "sha256:970d57ed83fa040d8b20c52fe74a6ae7e3775ae8cff5efd6a81e06b19078484c",
                "sha256:98ba61833a77b747901e9012072f038795de7fc77849f1faa965464f3f87ff2d",
                "sha256:9c691a6bc752c0cc4711cc0c00896fcd0f116abc253609ef64ef930032821842",
                "sha256:a5d516e22aedb7c9c1d47cba1c63160b1a6f61ec2f3948d127cd38d5cfbb556f",
                "sha256:a76d61a2e851996150ba0f80582dd92a870643fa481f3b3846f229de88caf044",
                "sha256:a819e39017f95bf7aede768f75915635aa8f671f2993c036991b8d3bfe8dbb6f",
                "sha256:a8914c754d3134a3032601c6984db1c576e6abaf3fc68094bb8ab1379d75ff92",
                "sha256:a9372fc3639a878c8e7d87e1556fa209091b0a66e912c611e3f833e2c4202be2",
                "sha256:a93cd767e37faeddbe07d8fc4212d5cba660af59bdb0f6372c93faaa13e6e679",
                "sha256:a9b9d50c9af998875a1482a038eb05755dfd6fe303a313f6a940bb53a83c3f18",
                "sha256:a9dd9813825f7ecb018c17fd147a01845eb330254dff86d3b5816f20f4d6aaf8",
                "sha256:b89f095fe98bc12107f82a9f7d570dc83a0870291aeb6b1d7a7d35575f55d98a",
                "sha256:b8aefb4dbb18d904b96827435a763fa42fc1f08ea096a391710407a60983ced8",
                "sha256:b8fd6fa2b2c4e7621808f8c62e8317f4aae56e59721ad933bac5239d913cf0e8",
                "sha256:bbac24d879aa22998e87f6b3f481a5216311e7d53c7db87f189a7a0266dafffb",
                "sha256:c0be8b5a74c5824e9359b53e7e58bef71a729bacc82e16587db1c4ebc91f7c5a",
                "sha256:c20b757c268d30d6215916a5fa8461048d023865d888e437fab451139cad6c8e",
                "sha256:c7e6cd120ef837d5b6f860a6ea3745f8763805c418bb2f12eeb1fa6e25f22d22",
                "sha256:c87cf3f0c85e27b3ac7d9ad95da166bf8739ca215a8b171e8404a2d739897a45",
                "sha256:c8e46ae8e4032792eb2f677dbd0d557170a8e5524d22acc55199f43efedd39bf",
                "sha256:cef91c95a50596fcdc31397eb6955476f82ae8a3f5a8eabdc13611b60ee380ba",
                "sha256:d1c5fea4f9fe3762e2b905fdd67df51e4be7a73b7674957af2d2ade71a5c075d",
                "sha256:d307aa6888d5efab2c1cde09843d48c843990be13069003184b67d426d145394",
                "sha256:d8f7740e1af13dff2684e4d56fe604a7e04d6c94e737a60568d8d4238b9a0c71",
                "sha256:da1f00a557c66225d53b095a97eace0fc5349e3bfda28fa34ffae238978ee575",
                "sha256:dad63212b168de8569b1c512f4eac4b57f2c6934b30df32d6ee9534a79f1493f",
                "sha256:de9f1a2bbc5ac7f6012ec24525bdd444765a2ff64b5985ac6e0692144838542e",
                "sha256:e3d3b35eedcf5f7d022291ecd7533321c4775f7b9cd0050a31a68499ba45757c",
                "sha256:e5aeab8fe15c3dff75cfee94260dcd9cded012d4ff06add036c28fae7718593b",
                "sha256:e6ed62c82ddf58d001096ae84ce7f833db97ae2263bff31c9b336ba8cfe3f508",
                "sha256:eba8155747eb2cae4a0b913d9ebd12a1db4d860fc4c829d7578c7b989bd3f2f0",
                "sha256:f01277d9a5fc1862f26f7626da9cf443bebc0abd2f303f41c5e995b15887dabd",
                "sha256:f069e113743a21a3defac6677f000068ebb931639f789b5b226598e247a4c89e",
                "sha256:f0d8fc30a43b5fe191cf2b1a0c82bab2571dadd38e7c0062ee87d6df858dd06e",
                "sha256:f29c827a8d9936ac320746747a016c4bc66ef639f5cd0d32df24f5eacbf9c69f",
                "sha256:f3b7d73012ea75aee5844de58c88f44cf62d0d62711e39da5a82824a7c4626a8",
                "sha256:f8bc1c264d8d1cf5b3560a87bbdd31131573eb25f9f9447bb6252b8d4c44a3a1",
                "sha256:f8fba1bae256186a83d1875b2b1f4e2d1242e8fac0f58ec0d7e41b26967b965c",
                "sha256:fab036efe5464ec3291411fabb80a7a39e2dd80bae9bcbeeca5087fdfa891e19",
                "sha256:ff2aad9c4cda28a8f0653fc2d487596458c2a3f475e56ba02909e950a9efa6a9",
                "sha256:ff95d4264e55839be37bafe1536db2ab2de19da6b65f9244f01f332b5286cfbf"
            ],
            "markers": "python_version >= '3.9'",
            "version": "==2.1.2"
        }
    },
    "develop": {
        "cfgv": {
            "hashes": [
                "sha256:a8dc6b26ad22ff227d2634a65cb388215ce6cc96bbcc5cfde7641ae87e8dacc0",
                "sha256:d5b1034354820651caa73ede66a6294d6e95c1b00acc5e9b098e917404669132"
            ],
            "markers": "python_version >= '3.10'",
            "version": "==3.5.0"
        },
        "distlib": {
            "hashes": [
                "sha256:9659f7d87e46584a30b5780e43ac7a2143098441670ff0a49d5f9034c54a6c16",
                "sha256:feec40075be03a04501a973d81f633735b4b69f98b05450592310c0f401a4e0d"
            ],
            "version": "==0.4.0"
        },
        "filelock": {
            "hashes": [
                "sha256:5ccf8069f7948f494968fc0713c10e5c182a9c9d9eef3a636307a20c2490f047",
                "sha256:8f00faf3abf9dc730a1ffe9c354ae5c04e079ab7d3a683b7c32da5dd05f26af3"
            ],
            "markers": "python_version >= '3.10'",
            "version": "==3.25.0"
        },
        "identify": {
            "hashes": [
                "sha256:be5f8412d5ed4b20f2bd41a65f920990bdccaa6a4a18a08f1eefdcd0bdd885f0",
                "sha256:f816b0b596b204c9fdf076ded172322f2723cf958d02f9c3587504834c8ff04d"
            ],
            "markers": "python_version >= '3.10'",
            "version": "==2.6.17"
        },
        "nodeenv": {
            "hashes": [
                "sha256:5bb13e3eed2923615535339b3c620e76779af4cb4c6a90deccc9e36b274d3827",
                "sha256:996c191ad80897d076bdfba80a41994c2b47c68e224c542b48feba42ba00f8bb"
            ],
            "markers": "python_version >= '2.7' and python_version not in '3.0, 3.1, 3.2, 3.3, 3.4, 3.5, 3.6'",
            "version": "==1.10.0"
        },
        "platformdirs": {
            "hashes": [
                "sha256:1ec356301b7dc906d83f371c8f487070e99d3ccf9e501686456394622a01a934",
                "sha256:68a9a4619a666ea6439f2ff250c12a853cd1cbd5158d258bd824a7df6be2f868"
            ],
            "markers": "python_version >= '3.10'",
            "version": "==4.9.4"
        },
        "pre-commit": {
            "hashes": [
                "sha256:3b3afd891e97337708c1674210f8eba659b52a38ea5f822ff142d10786221f77",
                "sha256:eb545fcff725875197837263e977ea257a402056661f09dae08e4b149b030a61"
            ],
            "index": "pypi",
            "markers": "python_version >= '3.10'",
            "version": "==4.5.1"
        },
        "python-discovery": {
            "hashes": [
                "sha256:584c08b141c5b7029f206b4e8b78b1a1764b22121e21519b89dec56936e95b0a",
                "sha256:69f11073fa2392251e405d4e847d60ffffd25fd762a0dc4d1a7d6b9c3f79f1a3"
            ],
            "markers": "python_version >= '3.8'",
            "version": "==1.1.1"
        },
        "pyyaml": {
            "hashes": [
                "sha256:00c4bdeba853cc34e7dd471f16b4114f4162dc03e6b7afcc2128711f0eca823c",
                "sha256:0150219816b6a1fa26fb4699fb7daa9caf09eb1999f3b70fb6e786805e80375a",
                "sha256:02893d100e99e03eda1c8fd5c441d8c60103fd175728e23e431db1b589cf5ab3",
                "sha256:02ea2dfa234451bbb8772601d7b8e426c2bfa197136796224e50e35a78777956",
                "sha256:0f29edc409a6392443abf94b9cf89ce99889a1dd5376d94316ae5145dfedd5d6",
                "sha256:10892704fc220243f5305762e276552a0395f7beb4dbf9b14ec8fd43b57f126c",
                "sha256:16249ee61e95f858e83976573de0f5b2893b3677ba71c9dd36b9cf8be9ac6d65",
                "sha256:1d37d57ad971609cf3c53ba6a7e365e40660e3be0e5175fa9f2365a379d6095a",
                "sha256:1ebe39cb5fc479422b83de611d14e2c0d3bb2a18bbcb01f229ab3cfbd8fee7a0",
                "sha256:214ed4befebe12df36bcc8bc2b64b396ca31be9304b8f59e25c11cf94a4c033b",
                "sha256:2283a07e2c21a2aa78d9c4442724ec1eb15f5e42a723b99cb3d822d48f5f7ad1",
                "sha256:22ba7cfcad58ef3ecddc7ed1db3409af68d023b7f940da23c6c2a1890976eda6",
                "sha256:27c0abcb4a5dac13684a37f76e701e054692a9b2d3064b70f5e4eb54810553d7",
                "sha256:28c8d926f98f432f88adc23edf2e6d4921ac26fb084b028c733d01868d19007e",
                "sha256:2e71d11abed7344e42a8849600193d15b6def118602c4c176f748e4583246007",
                "sha256:34d5fcd24b8445fadc33f9cf348c1047101756fd760b4dacb5c3e99755703310",
                "sha256:37503bfbfc9d2c40b344d06b2199cf0e96e97957ab1c1b546fd4f87e53e5d3e4",
                "sha256:3c5677e12444c15717b902a5798264fa7909e41153cdf9ef7ad571b704a63dd9",
                "sha256:3ff07ec89bae51176c0549bc4c63aa6202991da2d9a6129d7aef7f1407d3f295",
                "sha256:41715c910c881bc081f1e8872880d3c650acf13dfa8214bad49ed4cede7c34ea",
                "sha256:418cf3f2111bc80e0933b2cd8cd04f286338bb88bdc7bc8e6dd775ebde60b5e0",
                "sha256:44edc647873928551a01e7a563d7452ccdebee747728c1080d881d68af7b997e",
                "sha256:4a2e8cebe2ff6ab7d1050ecd59c25d4c8bd7e6f400f5f82b96557ac0abafd0ac",
                "sha256:4ad1906908f2f5ae4e5a8ddfce73c320c2a1429ec52eafd27138b7f1cbe341c9",
                "sha256:501a031947e3a9025ed4405a168e6ef5ae3126c59f90ce0cd6f2bfc477be31b7",
                "sha256:5190d403f121660ce8d1d2c1bb2ef1bd05b5f68533fc5c2ea899bd15f4399b35",
                "sha256:5498cd1645aa724a7c71c8f378eb29ebe23da2fc0d7a08071d89469bf1d2defb",
                "sha256:5cf4e27da7e3fbed4d6c3d8e797387aaad68102272f8f9752883bc32d61cb87b",
                "sha256:5e0b74767e5f8c593e8c9b5912019159ed0533c70051e9cce3e8b6aa699fcd69",
                "sha256:5ed875a24292240029e4483f9d4a4b8a1ae08843b9c54f43fcc11e404532a8a5",
                "sha256:5fcd34e47f6e0b794d17de1b4ff496c00986e1c83f7ab2fb8fcfe9616ff7477b",
                "sha256:5fdec68f91a0c6739b380c83b951e2c72ac0197ace422360e6d5a959d8d97b2c",
                "sha256:6344df0d5755a2c9a276d4473ae6b90647e216ab4757f8426893b5dd2ac3f369",
                "sha256:64386e5e707d03a7e172c0701abfb7e10f0fb753ee1d773128192742712a98fd",
                "sha256:652cb6edd41e718550aad172851962662ff2681490a8a711af6a4d288dd96824",
                "sha256:66291b10affd76d76f54fad28e22e51719ef9ba22b29e1d7d03d6777a9174198",
                "sha256:66e1674c3ef6f541c35191caae2d429b967b99e02040f5ba928632d9a7f0f065",
                "sha256:6adc77889b628398debc7b65c073bcb99c4a0237b248cacaf3fe8a557563ef6c",
                "sha256:79005a0d97d5ddabfeeea4cf676af11e647e41d81c9a7722a193022accdb6b7c",
                "sha256:7c6610def4f163542a622a73fb39f534f8c101d690126992300bf3207eab9764",
                "sha256:7f047e29dcae44602496db43be01ad42fc6f1cc0d8cd6c83d342306c32270196",
                "sha256:8098f252adfa6c80ab48096053f512f2321f0b998f98150cea9bd23d83e1467b",
                "sha256:850774a7879607d3a6f50d36d04f00ee69e7fc816450e5f7e58d7f17f1ae5c00",
                "sha256:8d1fab6bb153a416f9aeb4b8763bc0f22a5586065f86f7664fc23339fc1c1fac",
                "sha256:8da9669d359f02c0b91ccc01cac4a67f16afec0dac22c2ad09f46bee0697eba8",
                "sha256:8dc52c23056b9ddd46818a57b78404882310fb473d63f17b07d5c40421e47f8e",
                "sha256:9149cad251584d5fb4981be1ecde53a1ca46c891a79788c0df828d2f166bda28",
                "sha256:93dda82c9c22deb0a405ea4dc5f2d0cda384168e466364dec6255b293923b2f3",
                "sha256:96b533f0e99f6579b3d4d4995707cf36df9100d67e0c8303a0c55b27b5f99bc5",
                "sha256:9c57bb8c96f6d1808c030b1687b9b5fb476abaa47f0db9c0101f5e9f394e97f4",
                "sha256:9c7708761fccb9397fe64bbc0395abcae8c4bf7b0eac081e12b809bf47700d0b",
                "sha256:9f3bfb4965eb874431221a3ff3fdcddc7e74e3b07799e0e84ca4a0f867d449bf",
                "sha256:a33284e20b78bd4a18c8c2282d549d10bc8408a2a7ff57653c0cf0b9be0afce5",
                "sha256:a80cb027f6b349846a3bf6d73b5e95e782175e52f22108cfa17876aaeff93702",
                "sha256:b30236e45cf30d2b8e7b3e85881719e98507abed1011bf463a8fa23e9c3e98a8",
                "sha256:b3bc83488de33889877a0f2543ade9f70c67d66d9ebb4ac959502e12de895788",
                "sha256:b865addae83924361678b652338317d1bd7e79b1f4596f96b96c77a5a34b34da",
                "sha256:b8bb0864c5a28024fac8a632c443c87c5aa6f215c0b126c449ae1a150412f31d",
                "sha256:ba1cc08a7ccde2d2ec775841541641e4548226580ab850948cbfda66a1befcdc",
                "sha256:bdb2c67c6c1390b63c6ff89f210c8fd09d9a1217a465701eac7316313c915e4c",
                "sha256:c1ff362665ae507275af2853520967820d9124984e0f7466736aea23d8611fba",
                "sha256:c2514fceb77bc5e7a2f7adfaa1feb2fb311607c9cb518dbc378688ec73d8292f",
                "sha256:c3355370a2c156cffb25e876646f149d5d68f5e0a3ce86a5084dd0b64a994917",
                "sha256:c458b6d084f9b935061bc36216e8a69a7e293a2f1e68bf956dcd9e6cbcd143f5",
                "sha256:d0eae10f8159e8fdad514efdc92d74fd8d682c933a6dd088030f3834bc8e6b26",
                "sha256:d76623373421df22fb4cf8817020cbb7ef15c725b9d5e45f17e189bfc384190f",
                "sha256:ebc55a14a21cb14062aa4162f906cd962b28e2e9ea38f9b4391244cd8de4ae0b",
                "sha256:eda16858a3cab07b80edaf74336ece1f986ba330fdb8ee0d6c0d68fe82bc96be",
                "sha256:ee2922902c45ae8ccada2c5b501ab86c36525b883eff4255313a253a3160861c",
                "sha256:efd7b85f94a6f21e4932043973a7ba2613b059c4a000551892ac9f1d11f5baf3",
                "sha256:f7057c9a337546edc7973c0d3ba84ddcdf0daa14533c2065749c9075001090e6",
                "sha256:fa160448684b4e94d80416c0fa4aac48967a969efe22931448d853ada8baf926",
                "sha256:fc09d0aa354569bc501d4e787133afc08552722d3ab34836a80547331bb5d4a0"
            ],
            "index": "pypi",
            "markers": "python_version >= '3.8'",
            "version": "==6.0.3"
        },
        "setuptools": {
            "hashes": [
                "sha256:7d872682c5d01cfde07da7bccc7b65469d3dca203318515ada1de5eda35efbf9",
                "sha256:a59e362652f08dcd477c78bb6e7bd9d80a7995bc73ce773050228a348ce2e5bb"
            ],
            "index": "pypi",
            "markers": "python_version >= '3.9'",
            "version": "==82.0.1"
        },
        "virtualenv": {
            "hashes": [
                "sha256:164f5e14c5587d170cf98e60378eb91ea35bf037be313811905d3a24ea33cc07",
                "sha256:1990a0188c8f16b6b9cf65c9183049007375b26aad415514d377ccacf1e4fb44"
            ],
            "markers": "python_version >= '3.8'",
            "version": "==21.1.0"
        }
    }
}
